
Microsoft Visual Studio Solution File, Format Version 12.00
# Visual Studio Version 17
VisualStudioVersion = 17.1.32210.238
MinimumVisualStudioVersion = 10.0.40219.1
Project("{9A19103F-16F7-4668-BE54-9A1E7A4F7556}") = "RgbJourney", "RgbJourney\RgbJourney.csproj", "{4F9BFC4F-1953-4769-96CF-8A47DA39A3CF}"
EndProject
Global
	GlobalSection(SolutionConfigurationPlatforms) = preSolution
		Debug|Any CPU = Debug|Any CPU
		Release|Any CPU = Release|Any CPU
	EndGlobalSection
	GlobalSection(ProjectConfigurationPlatforms) = postSolution
		{4F9BFC4F-1953-4769-96CF-8A47DA39A3CF}.Debug|Any CPU.ActiveCfg = Debug|Any CPU
		{4F9BFC4F-1953-4769-96CF-8A47DA39A3CF}.Debug|Any CPU.Build.0 = Debug|Any CPU
		{4F9BFC4F-1953-4769-96CF-8A47DA39A3CF}.Release|Any CPU.ActiveCfg = Release|Any CPU
		{4F9BFC4F-1953-4769-96CF-8A47DA39A3CF}.Release|Any CPU.Build.0 = Release|Any CPU
	EndGlobalSection
	GlobalSection(SolutionProperties) = preSolution
		HideSolutionNode = FALSE
	EndGlobalSection
	GlobalSection(ExtensibilityGlobals) = postSolution
		SolutionGuid = {2D346473-5456-454B-9259-D073D2F13E2D}
	EndGlobalSection
EndGlobal
